
Microsoft Visual Studio Solution File, Format Version 12.00
# Visual Studio Version 17
VisualStudioVersion = 17.8.34525.116
MinimumVisualStudioVersion = 10.0.40219.1
Project("{FAE04EC0-301F-11D3-BF4B-00C04F79EFBC}") = "StudentAPK", "StudentAPK\StudentAPK.csproj", "{30E4AB17-4C46-42D5-86C3-F88A40C5606B}"
EndProject
Global
	GlobalSection(SolutionConfigurationPlatforms) = preSolution
		Debug|Any CPU = Debug|Any CPU
		Release|Any CPU = Release|Any CPU
	EndGlobalSection
	GlobalSection(ProjectConfigurationPlatforms) = postSolution
		{30E4AB17-4C46-42D5-86C3-F88A40C5606B}.Debug|Any CPU.ActiveCfg = Debug|Any CPU
		{30E4AB17-4C46-42D5-86C3-F88A40C5606B}.Debug|Any CPU.Build.0 = Debug|Any CPU
		{30E4AB17-4C46-42D5-86C3-F88A40C5606B}.Release|Any CPU.ActiveCfg = Release|Any CPU
		{30E4AB17-4C46-42D5-86C3-F88A40C5606B}.Release|Any CPU.Build.0 = Release|Any CPU
	EndGlobalSection
	GlobalSection(SolutionProperties) = preSolution
		HideSolutionNode = FALSE
	EndGlobalSection
	GlobalSection(ExtensibilityGlobals) = postSolution
		SolutionGuid = {C81FAEA7-B239-4898-984E-183A044C2FD5}
	EndGlobalSection
EndGlobal
